{
  "nodes": {
    "advisory-db": {
      "flake": false,
      "locked": {
        "lastModified": 1714183630,
        "narHash": "sha256-1BVft7ggSN2XXFeXQjazU3jN9wVECd9qp2mZx/8GDMk=",
        "owner": "rustsec",
        "repo": "advisory-db",
        "rev": "35e7459a331d3e0c585e56dabd03006b9b354088",
        "type": "github"
      },
      "original": {
        "owner": "rustsec",
        "repo": "advisory-db",
        "type": "github"
      }
    },
    "crane": {
      "inputs": {
        "nixpkgs": [
          "nixpkgs"
        ]
      },
      "locked": {
        "lastModified": 1712513517,
        "narHash": "sha256-VuLm5tTMqfS82NZAsNfsW7U+pTZ1+GcOU7gYR/Fb1Z4=",
        "rev": "9caad1eb0c69a13ee6467035353b71a76c85ea53",
        "revCount": 540,
        "type": "tarball",
        "url": "https://api.flakehub.com/f/pinned/ipetkov/crane/0.16.4/018eb9c4-47d3-7d6b-9a55-1e0f89eabf96/source.tar.gz"
      },
      "original": {
        "type": "tarball",
        "url": "https://flakehub.com/f/ipetkov/crane/0.16.3.tar.gz"
      }
    },
    "flake-utils": {
      "inputs": {
        "systems": "systems"
      },
      "locked": {
        "lastModified": 1710146030,
        "narHash": "sha256-SZ5L6eA7HJ/nmkzGG7/ISclqe6oZdOZTNoesiInkXPQ=",
        "rev": "b1d9ab70662946ef0850d488da1c9019f3a9752a",
        "revCount": 92,
        "type": "tarball",
        "url": "https://api.flakehub.com/f/pinned/numtide/flake-utils/0.1.92%2Brev-b1d9ab70662946ef0850d488da1c9019f3a9752a/018e2ca5-e5a2-7f80-9261-445a8cecd4d7/source.tar.gz"
      },
      "original": {
        "type": "tarball",
        "url": "https://flakehub.com/f/numtide/flake-utils/0.1.92.tar.gz"
      }
    },
    "nixpkgs": {
      "locked": {
        "lastModified": 1713828541,
        "narHash": "sha256-KtvQeE12MSkCOhvVmnmcZCjnx7t31zWin2XVSDOwBDE=",
        "rev": "b500489fd3cf653eafc075f9362423ad5cdd8676",
        "revCount": 557957,
        "type": "tarball",
        "url": "https://api.flakehub.com/f/pinned/NixOS/nixpkgs/0.2311.557957%2Brev-b500489fd3cf653eafc075f9362423ad5cdd8676/018f0fd6-81fe-7478-8e97-08ae23c447b1/source.tar.gz"
      },
      "original": {
        "type": "tarball",
        "url": "https://flakehub.com/f/NixOS/nixpkgs/0.2311.%2A.tar.gz"
      }
    },
    "root": {
      "inputs": {
        "advisory-db": "advisory-db",
        "crane": "crane",
        "flake-utils": "flake-utils",
        "nixpkgs": "nixpkgs",
        "rust-overlay": "rust-overlay"
      }
    },
    "rust-overlay": {
      "inputs": {
        "flake-utils": [
          "flake-utils"
        ],
        "nixpkgs": [
          "nixpkgs"
        ]
      },
      "locked": {
        "lastModified": 1714356894,
        "narHash": "sha256-W6Mss7AG6bnFT1BqRApHXvLXBrFOu7V0+EUe9iML30s=",
        "owner": "oxalica",
        "repo": "rust-overlay",
        "rev": "d9b44509b4064f0a3fc9c7c92a603861f52fbedc",
        "type": "github"
      },
      "original": {
        "owner": "oxalica",
        "repo": "rust-overlay",
        "type": "github"
      }
    },
    "systems": {
      "locked": {
        "lastModified": 1681028828,
        "narHash": "sha256-Vy1rq5AaRuLzOxct8nz4T6wlgyUR7zLU309k9mBC768=",
        "owner": "nix-systems",
        "repo": "default",
        "rev": "da67096a3b9bf56a91d16901293e51ba5b49a27e",
        "type": "github"
      },
      "original": {
        "owner": "nix-systems",
        "repo": "default",
        "type": "github"
      }
    }
  },
  "root": "root",
  "version": 7
}
