{
  "nodes": {
    "advisory-db": {
      "flake": false,
      "locked": {
        "lastModified": 1706115649,
        "narHash": "sha256-Qrqb54qGaRsFdLDj8EJtI5leFGFfqWHLRgC+t6KWlpQ=",
        "owner": "rustsec",
        "repo": "advisory-db",
        "rev": "1d2202ea2b32fabd3307641010301bfe187ef11a",
        "type": "github"
      },
      "original": {
        "owner": "rustsec",
        "repo": "advisory-db",
        "type": "github"
      }
    },
    "crane": {
      "inputs": {
        "nixpkgs": [
          "nixpkgs"
        ]
      },
      "locked": {
        "lastModified": 1705625727,
        "narHash": "sha256-naMq6+TNLpEiBBjc0XaCbMLYJxJXWTZz4JGSpYGgIOM=",
        "rev": "8f515142e805dc377cf8edb0ff75d14a11307f89",
        "revCount": 485,
        "type": "tarball",
        "url": "https://api.flakehub.com/f/pinned/ipetkov/crane/0.16.0/018d1f38-c6e9-7615-a492-9b554687ba26/source.tar.gz"
      },
      "original": {
        "type": "tarball",
        "url": "https://flakehub.com/f/ipetkov/crane/0.16.0.tar.gz"
      }
    },
    "flake-utils": {
      "inputs": {
        "systems": "systems"
      },
      "locked": {
        "lastModified": 1705309234,
        "narHash": "sha256-uNRRNRKmJyCRC/8y1RqBkqWBLM034y4qN7EprSdmgyA=",
        "rev": "1ef2e671c3b0c19053962c07dbda38332dcebf26",
        "revCount": 90,
        "type": "tarball",
        "url": "https://api.flakehub.com/f/pinned/numtide/flake-utils/0.1.90%2Brev-1ef2e671c3b0c19053962c07dbda38332dcebf26/018d0c5a-ac7d-77f2-bef1-1527903ad3cc/source.tar.gz"
      },
      "original": {
        "type": "tarball",
        "url": "https://flakehub.com/f/numtide/flake-utils/0.1.90.tar.gz"
      }
    },
    "nixpkgs": {
      "locked": {
        "lastModified": 1705916986,
        "narHash": "sha256-iBpfltu6QvN4xMpen6jGGEb6jOqmmVQKUrXdOJ32u8w=",
        "rev": "d7f206b723e42edb09d9d753020a84b3061a79d8",
        "revCount": 554771,
        "type": "tarball",
        "url": "https://api.flakehub.com/f/pinned/NixOS/nixpkgs/0.2311.554771%2Brev-d7f206b723e42edb09d9d753020a84b3061a79d8/018d35d3-1b83-7e69-a58c-3fca76cb78bb/source.tar.gz"
      },
      "original": {
        "type": "tarball",
        "url": "https://flakehub.com/f/NixOS/nixpkgs/0.2311.%2A.tar.gz"
      }
    },
    "root": {
      "inputs": {
        "advisory-db": "advisory-db",
        "crane": "crane",
        "flake-utils": "flake-utils",
        "nixpkgs": "nixpkgs"
      }
    },
    "systems": {
      "locked": {
        "lastModified": 1681028828,
        "narHash": "sha256-Vy1rq5AaRuLzOxct8nz4T6wlgyUR7zLU309k9mBC768=",
        "owner": "nix-systems",
        "repo": "default",
        "rev": "da67096a3b9bf56a91d16901293e51ba5b49a27e",
        "type": "github"
      },
      "original": {
        "owner": "nix-systems",
        "repo": "default",
        "type": "github"
      }
    }
  },
  "root": "root",
  "version": 7
}
